// !$*UTF8*$!
{
	archiveVersion = 1;
	classes = {
	};
	objectVersion = 56;
	objects = {

/* Begin PBXBuildFile section */
		3E37B47A2CCE88AA00AD3ED2 /* AppCoordinator.swift in Sources */ = {isa = PBXBuildFile; fileRef = 3E37B4792CCE88AA00AD3ED2 /* AppCoordinator.swift */; };
		3E37B47C2CCE88C800AD3ED2 /* AddBeneficiaryViewModel.swift in Sources */ = {isa = PBXBuildFile; fileRef = 3E37B47B2CCE88C800AD3ED2 /* AddBeneficiaryViewModel.swift */; };
		3E37B47E2CCE891A00AD3ED2 /* AddBeneficiaryView.swift in Sources */ = {isa = PBXBuildFile; fileRef = 3E37B47D2CCE891A00AD3ED2 /* AddBeneficiaryView.swift */; };
		3E4915112CCEE3ED00BF2CCC /* IbanScanDemoApp.swift in Sources */ = {isa = PBXBuildFile; fileRef = 3E6C052D2CCE75A9000EDB26 /* IbanScanDemoApp.swift */; };
		3E4915122CCEE3F000BF2CCC /* IBAN.swift in Sources */ = {isa = PBXBuildFile; fileRef = 3E19549A2CCEC37E00F621AB /* IBAN.swift */; };
		3E4915132CCEE3F300BF2CCC /* CameraView.swift in Sources */ = {isa = PBXBuildFile; fileRef = 3E1954982CCEC14A00F621AB /* CameraView.swift */; };
		3E4915142CCEE3F700BF2CCC /* CameraViewController.swift in Sources */ = {isa = PBXBuildFile; fileRef = 3E1954962CCEC0FB00F621AB /* CameraViewController.swift */; };
		3E4915152CCEE3FA00BF2CCC /* ScanIBANView.swift in Sources */ = {isa = PBXBuildFile; fileRef = 3E37B4812CCE89CF00AD3ED2 /* ScanIBANView.swift */; };
		3E4915162CCEE3FE00BF2CCC /* ScanIBANViewModel.swift in Sources */ = {isa = PBXBuildFile; fileRef = 3E37B47F2CCE897700AD3ED2 /* ScanIBANViewModel.swift */; };
		3E5924E22CCFB44C004ADC39 /* ValidationSheet.swift in Sources */ = {isa = PBXBuildFile; fileRef = 3E5924E12CCFB44C004ADC39 /* ValidationSheet.swift */; };
		3E6C05322CCE75AB000EDB26 /* Assets.xcassets in Resources */ = {isa = PBXBuildFile; fileRef = 3E6C05312CCE75AB000EDB26 /* Assets.xcassets */; };
		3E6C05352CCE75AB000EDB26 /* Preview Assets.xcassets in Resources */ = {isa = PBXBuildFile; fileRef = 3E6C05342CCE75AB000EDB26 /* Preview Assets.xcassets */; };
		3E6C053F2CCE75AB000EDB26 /* IbanScanDemoTests.swift in Sources */ = {isa = PBXBuildFile; fileRef = 3E6C053E2CCE75AB000EDB26 /* IbanScanDemoTests.swift */; };
		3E6C05492CCE75AB000EDB26 /* IbanScanDemoUITests.swift in Sources */ = {isa = PBXBuildFile; fileRef = 3E6C05482CCE75AB000EDB26 /* IbanScanDemoUITests.swift */; };
		3E6C054B2CCE75AB000EDB26 /* IbanScanDemoUITestsLaunchTests.swift in Sources */ = {isa = PBXBuildFile; fileRef = 3E6C054A2CCE75AB000EDB26 /* IbanScanDemoUITestsLaunchTests.swift */; };
/* End PBXBuildFile section */

/* Begin PBXContainerItemProxy section */
		3E6C053B2CCE75AB000EDB26 /* PBXContainerItemProxy */ = {
			isa = PBXContainerItemProxy;
			containerPortal = 3E6C05222CCE75A9000EDB26 /* Project object */;
			proxyType = 1;
			remoteGlobalIDString = 3E6C05292CCE75A9000EDB26;
			remoteInfo = IbanScanDemo;
		};
		3E6C05452CCE75AB000EDB26 /* PBXContainerItemProxy */ = {
			isa = PBXContainerItemProxy;
			containerPortal = 3E6C05222CCE75A9000EDB26 /* Project object */;
			proxyType = 1;
			remoteGlobalIDString = 3E6C05292CCE75A9000EDB26;
			remoteInfo = IbanScanDemo;
		};
/* End PBXContainerItemProxy section */

/* Begin PBXFileReference section */
		3E1954962CCEC0FB00F621AB /* CameraViewController.swift */ = {isa = PBXFileReference; lastKnownFileType = sourcecode.swift; path = CameraViewController.swift; sourceTree = "<group>"; };
		3E1954982CCEC14A00F621AB /* CameraView.swift */ = {isa = PBXFileReference; lastKnownFileType = sourcecode.swift; path = CameraView.swift; sourceTree = "<group>"; };
		3E19549A2CCEC37E00F621AB /* IBAN.swift */ = {isa = PBXFileReference; lastKnownFileType = sourcecode.swift; path = IBAN.swift; sourceTree = "<group>"; };
		3E37B4792CCE88AA00AD3ED2 /* AppCoordinator.swift */ = {isa = PBXFileReference; lastKnownFileType = sourcecode.swift; path = AppCoordinator.swift; sourceTree = "<group>"; };
		3E37B47B2CCE88C800AD3ED2 /* AddBeneficiaryViewModel.swift */ = {isa = PBXFileReference; lastKnownFileType = sourcecode.swift; path = AddBeneficiaryViewModel.swift; sourceTree = "<group>"; };
		3E37B47D2CCE891A00AD3ED2 /* AddBeneficiaryView.swift */ = {isa = PBXFileReference; lastKnownFileType = sourcecode.swift; path = AddBeneficiaryView.swift; sourceTree = "<group>"; };
		3E37B47F2CCE897700AD3ED2 /* ScanIBANViewModel.swift */ = {isa = PBXFileReference; lastKnownFileType = sourcecode.swift; path = ScanIBANViewModel.swift; sourceTree = "<group>"; };
		3E37B4812CCE89CF00AD3ED2 /* ScanIBANView.swift */ = {isa = PBXFileReference; lastKnownFileType = sourcecode.swift; path = ScanIBANView.swift; sourceTree = "<group>"; };
		3E5924E12CCFB44C004ADC39 /* ValidationSheet.swift */ = {isa = PBXFileReference; lastKnownFileType = sourcecode.swift; path = ValidationSheet.swift; sourceTree = "<group>"; };
		3E6C052A2CCE75A9000EDB26 /* IbanScanDemo.app */ = {isa = PBXFileReference; explicitFileType = wrapper.application; includeInIndex = 0; path = IbanScanDemo.app; sourceTree = BUILT_PRODUCTS_DIR; };
		3E6C052D2CCE75A9000EDB26 /* IbanScanDemoApp.swift */ = {isa = PBXFileReference; lastKnownFileType = sourcecode.swift; path = IbanScanDemoApp.swift; sourceTree = "<group>"; };
		3E6C05312CCE75AB000EDB26 /* Assets.xcassets */ = {isa = PBXFileReference; lastKnownFileType = folder.assetcatalog; path = Assets.xcassets; sourceTree = "<group>"; };
		3E6C05342CCE75AB000EDB26 /* Preview Assets.xcassets */ = {isa = PBXFileReference; lastKnownFileType = folder.assetcatalog; path = "Preview Assets.xcassets"; sourceTree = "<group>"; };
		3E6C053A2CCE75AB000EDB26 /* IbanScanDemoTests.xctest */ = {isa = PBXFileReference; explicitFileType = wrapper.cfbundle; includeInIndex = 0; path = IbanScanDemoTests.xctest; sourceTree = BUILT_PRODUCTS_DIR; };
		3E6C053E2CCE75AB000EDB26 /* IbanScanDemoTests.swift */ = {isa = PBXFileReference; lastKnownFileType = sourcecode.swift; path = IbanScanDemoTests.swift; sourceTree = "<group>"; };
		3E6C05442CCE75AB000EDB26 /* IbanScanDemoUITests.xctest */ = {isa = PBXFileReference; explicitFileType = wrapper.cfbundle; includeInIndex = 0; path = IbanScanDemoUITests.xctest; sourceTree = BUILT_PRODUCTS_DIR; };
		3E6C05482CCE75AB000EDB26 /* IbanScanDemoUITests.swift */ = {isa = PBXFileReference; lastKnownFileType = sourcecode.swift; path = IbanScanDemoUITests.swift; sourceTree = "<group>"; };
		3E6C054A2CCE75AB000EDB26 /* IbanScanDemoUITestsLaunchTests.swift */ = {isa = PBXFileReference; lastKnownFileType = sourcecode.swift; path = IbanScanDemoUITestsLaunchTests.swift; sourceTree = "<group>"; };
/* End PBXFileReference section */

/* Begin PBXFrameworksBuildPhase section */
		3E6C05272CCE75A9000EDB26 /* Frameworks */ = {
			isa = PBXFrameworksBuildPhase;
			buildActionMask = 2147483647;
			files = (
			);
			runOnlyForDeploymentPostprocessing = 0;
		};
		3E6C05372CCE75AB000EDB26 /* Frameworks */ = {
			isa = PBXFrameworksBuildPhase;
			buildActionMask = 2147483647;
			files = (
			);
			runOnlyForDeploymentPostprocessing = 0;
		};
		3E6C05412CCE75AB000EDB26 /* Frameworks */ = {
			isa = PBXFrameworksBuildPhase;
			buildActionMask = 2147483647;
			files = (
			);
			runOnlyForDeploymentPostprocessing = 0;
		};
/* End PBXFrameworksBuildPhase section */

/* Begin PBXGroup section */
		3E49150B2CCEE2DE00BF2CCC /* Modules */ = {
			isa = PBXGroup;
			children = (
				3E49150D2CCEE2EC00BF2CCC /* AddBeneficiary */,
				3E49150C2CCEE2E700BF2CCC /* ScanIBAN */,
			);
			path = Modules;
			sourceTree = "<group>";
		};
		3E49150C2CCEE2E700BF2CCC /* ScanIBAN */ = {
			isa = PBXGroup;
			children = (
				3E4915192CCEE41500BF2CCC /* Views */,
				3E4915182CCEE41200BF2CCC /* ViewModels */,
				3E4915172CCEE40E00BF2CCC /* Models */,
			);
			path = ScanIBAN;
			sourceTree = "<group>";
		};
		3E49150D2CCEE2EC00BF2CCC /* AddBeneficiary */ = {
			isa = PBXGroup;
			children = (
				3E4915102CCEE35100BF2CCC /* Views */,
				3E49150F2CCEE34D00BF2CCC /* ViewModels */,
			);
			path = AddBeneficiary;
			sourceTree = "<group>";
		};
		3E49150F2CCEE34D00BF2CCC /* ViewModels */ = {
			isa = PBXGroup;
			children = (
				3E37B47B2CCE88C800AD3ED2 /* AddBeneficiaryViewModel.swift */,
			);
			path = ViewModels;
			sourceTree = "<group>";
		};
		3E4915102CCEE35100BF2CCC /* Views */ = {
			isa = PBXGroup;
			children = (
				3E37B47D2CCE891A00AD3ED2 /* AddBeneficiaryView.swift */,
			);
			path = Views;
			sourceTree = "<group>";
		};
		3E4915172CCEE40E00BF2CCC /* Models */ = {
			isa = PBXGroup;
			children = (
				3E19549A2CCEC37E00F621AB /* IBAN.swift */,
			);
			path = Models;
			sourceTree = "<group>";
		};
		3E4915182CCEE41200BF2CCC /* ViewModels */ = {
			isa = PBXGroup;
			children = (
				3E37B47F2CCE897700AD3ED2 /* ScanIBANViewModel.swift */,
			);
			path = ViewModels;
			sourceTree = "<group>";
		};
		3E4915192CCEE41500BF2CCC /* Views */ = {
			isa = PBXGroup;
			children = (
				3E37B4812CCE89CF00AD3ED2 /* ScanIBANView.swift */,
				3E5924E12CCFB44C004ADC39 /* ValidationSheet.swift */,
				3E1954982CCEC14A00F621AB /* CameraView.swift */,
				3E1954962CCEC0FB00F621AB /* CameraViewController.swift */,
			);
			path = Views;
			sourceTree = "<group>";
		};
		3E6C05212CCE75A9000EDB26 = {
			isa = PBXGroup;
			children = (
				3E6C052C2CCE75A9000EDB26 /* IbanScanDemo */,
				3E6C053D2CCE75AB000EDB26 /* IbanScanDemoTests */,
				3E6C05472CCE75AB000EDB26 /* IbanScanDemoUITests */,
				3E6C052B2CCE75A9000EDB26 /* Products */,
			);
			sourceTree = "<group>";
		};
		3E6C052B2CCE75A9000EDB26 /* Products */ = {
			isa = PBXGroup;
			children = (
				3E6C052A2CCE75A9000EDB26 /* IbanScanDemo.app */,
				3E6C053A2CCE75AB000EDB26 /* IbanScanDemoTests.xctest */,
				3E6C05442CCE75AB000EDB26 /* IbanScanDemoUITests.xctest */,
			);
			name = Products;
			sourceTree = "<group>";
		};
		3E6C052C2CCE75A9000EDB26 /* IbanScanDemo */ = {
			isa = PBXGroup;
			children = (
				3E6C052D2CCE75A9000EDB26 /* IbanScanDemoApp.swift */,
				3E37B4792CCE88AA00AD3ED2 /* AppCoordinator.swift */,
				3E49150B2CCEE2DE00BF2CCC /* Modules */,
				3E6C05312CCE75AB000EDB26 /* Assets.xcassets */,
				3E6C05332CCE75AB000EDB26 /* Preview Content */,
			);
			path = IbanScanDemo;
			sourceTree = "<group>";
		};
		3E6C05332CCE75AB000EDB26 /* Preview Content */ = {
			isa = PBXGroup;
			children = (
				3E6C05342CCE75AB000EDB26 /* Preview Assets.xcassets */,
			);
			path = "Preview Content";
			sourceTree = "<group>";
		};
		3E6C053D2CCE75AB000EDB26 /* IbanScanDemoTests */ = {
			isa = PBXGroup;
			children = (
				3E6C053E2CCE75AB000EDB26 /* IbanScanDemoTests.swift */,
			);
			path = IbanScanDemoTests;
			sourceTree = "<group>";
		};
		3E6C05472CCE75AB000EDB26 /* IbanScanDemoUITests */ = {
			isa = PBXGroup;
			children = (
				3E6C05482CCE75AB000EDB26 /* IbanScanDemoUITests.swift */,
				3E6C054A2CCE75AB000EDB26 /* IbanScanDemoUITestsLaunchTests.swift */,
			);
			path = IbanScanDemoUITests;
			sourceTree = "<group>";
		};
/* End PBXGroup section */

/* Begin PBXNativeTarget section */
		3E6C05292CCE75A9000EDB26 /* IbanScanDemo */ = {
			isa = PBXNativeTarget;
			buildConfigurationList = 3E6C054E2CCE75AB000EDB26 /* Build configuration list for PBXNativeTarget "IbanScanDemo" */;
			buildPhases = (
				3E6C05262CCE75A9000EDB26 /* Sources */,
				3E6C05272CCE75A9000EDB26 /* Frameworks */,
				3E6C05282CCE75A9000EDB26 /* Resources */,
			);
			buildRules = (
			);
			dependencies = (
			);
			name = IbanScanDemo;
			productName = IbanScanDemo;
			productReference = 3E6C052A2CCE75A9000EDB26 /* IbanScanDemo.app */;
			productType = "com.apple.product-type.application";
		};
		3E6C05392CCE75AB000EDB26 /* IbanScanDemoTests */ = {
			isa = PBXNativeTarget;
			buildConfigurationList = 3E6C05512CCE75AB000EDB26 /* Build configuration list for PBXNativeTarget "IbanScanDemoTests" */;
			buildPhases = (
				3E6C05362CCE75AB000EDB26 /* Sources */,
				3E6C05372CCE75AB000EDB26 /* Frameworks */,
				3E6C05382CCE75AB000EDB26 /* Resources */,
			);
			buildRules = (
			);
			dependencies = (
				3E6C053C2CCE75AB000EDB26 /* PBXTargetDependency */,
			);
			name = IbanScanDemoTests;
			productName = IbanScanDemoTests;
			productReference = 3E6C053A2CCE75AB000EDB26 /* IbanScanDemoTests.xctest */;
			productType = "com.apple.product-type.bundle.unit-test";
		};
		3E6C05432CCE75AB000EDB26 /* IbanScanDemoUITests */ = {
			isa = PBXNativeTarget;
			buildConfigurationList = 3E6C05542CCE75AB000EDB26 /* Build configuration list for PBXNativeTarget "IbanScanDemoUITests" */;
			buildPhases = (
				3E6C05402CCE75AB000EDB26 /* Sources */,
				3E6C05412CCE75AB000EDB26 /* Frameworks */,
				3E6C05422CCE75AB000EDB26 /* Resources */,
			);
			buildRules = (
			);
			dependencies = (
				3E6C05462CCE75AB000EDB26 /* PBXTargetDependency */,
			);
			name = IbanScanDemoUITests;
			productName = IbanScanDemoUITests;
			productReference = 3E6C05442CCE75AB000EDB26 /* IbanScanDemoUITests.xctest */;
			productType = "com.apple.product-type.bundle.ui-testing";
		};
/* End PBXNativeTarget section */

/* Begin PBXProject section */
		3E6C05222CCE75A9000EDB26 /* Project object */ = {
			isa = PBXProject;
			attributes = {
				BuildIndependentTargetsInParallel = 1;
				LastSwiftUpdateCheck = 1530;
				LastUpgradeCheck = 1530;
				TargetAttributes = {
					3E6C05292CCE75A9000EDB26 = {
						CreatedOnToolsVersion = 15.3;
					};
					3E6C05392CCE75AB000EDB26 = {
						CreatedOnToolsVersion = 15.3;
						TestTargetID = 3E6C05292CCE75A9000EDB26;
					};
					3E6C05432CCE75AB000EDB26 = {
						CreatedOnToolsVersion = 15.3;
						TestTargetID = 3E6C05292CCE75A9000EDB26;
					};
				};
			};
			buildConfigurationList = 3E6C05252CCE75A9000EDB26 /* Build configuration list for PBXProject "IbanScanDemo" */;
			compatibilityVersion = "Xcode 14.0";
			developmentRegion = en;
			hasScannedForEncodings = 0;
			knownRegions = (
				en,
				Base,
			);
			mainGroup = 3E6C05212CCE75A9000EDB26;
			productRefGroup = 3E6C052B2CCE75A9000EDB26 /* Products */;
			projectDirPath = "";
			projectRoot = "";
			targets = (
				3E6C05292CCE75A9000EDB26 /* IbanScanDemo */,
				3E6C05392CCE75AB000EDB26 /* IbanScanDemoTests */,
				3E6C05432CCE75AB000EDB26 /* IbanScanDemoUITests */,
			);
		};
/* End PBXProject section */

/* Begin PBXResourcesBuildPhase section */
		3E6C05282CCE75A9000EDB26 /* Resources */ = {
			isa = PBXResourcesBuildPhase;
			buildActionMask = 2147483647;
			files = (
				3E6C05352CCE75AB000EDB26 /* Preview Assets.xcassets in Resources */,
				3E6C05322CCE75AB000EDB26 /* Assets.xcassets in Resources */,
			);
			runOnlyForDeploymentPostprocessing = 0;
		};
		3E6C05382CCE75AB000EDB26 /* Resources */ = {
			isa = PBXResourcesBuildPhase;
			buildActionMask = 2147483647;
			files = (
			);
			runOnlyForDeploymentPostprocessing = 0;
		};
		3E6C05422CCE75AB000EDB26 /* Resources */ = {
			isa = PBXResourcesBuildPhase;
			buildActionMask = 2147483647;
			files = (
			);
			runOnlyForDeploymentPostprocessing = 0;
		};
/* End PBXResourcesBuildPhase section */

/* Begin PBXSourcesBuildPhase section */
		3E6C05262CCE75A9000EDB26 /* Sources */ = {
			isa = PBXSourcesBuildPhase;
			buildActionMask = 2147483647;
			files = (
				3E37B47A2CCE88AA00AD3ED2 /* AppCoordinator.swift in Sources */,
				3E4915122CCEE3F000BF2CCC /* IBAN.swift in Sources */,
				3E5924E22CCFB44C004ADC39 /* ValidationSheet.swift in Sources */,
				3E4915162CCEE3FE00BF2CCC /* ScanIBANViewModel.swift in Sources */,
				3E4915112CCEE3ED00BF2CCC /* IbanScanDemoApp.swift in Sources */,
				3E4915132CCEE3F300BF2CCC /* CameraView.swift in Sources */,
				3E4915142CCEE3F700BF2CCC /* CameraViewController.swift in Sources */,
				3E37B47E2CCE891A00AD3ED2 /* AddBeneficiaryView.swift in Sources */,
				3E37B47C2CCE88C800AD3ED2 /* AddBeneficiaryViewModel.swift in Sources */,
				3E4915152CCEE3FA00BF2CCC /* ScanIBANView.swift in Sources */,
			);
			runOnlyForDeploymentPostprocessing = 0;
		};
		3E6C05362CCE75AB000EDB26 /* Sources */ = {
			isa = PBXSourcesBuildPhase;
			buildActionMask = 2147483647;
			files = (
				3E6C053F2CCE75AB000EDB26 /* IbanScanDemoTests.swift in Sources */,
			);
			runOnlyForDeploymentPostprocessing = 0;
		};
		3E6C05402CCE75AB000EDB26 /* Sources */ = {
			isa = PBXSourcesBuildPhase;
			buildActionMask = 2147483647;
			files = (
				3E6C054B2CCE75AB000EDB26 /* IbanScanDemoUITestsLaunchTests.swift in Sources */,
				3E6C05492CCE75AB000EDB26 /* IbanScanDemoUITests.swift in Sources */,
			);
			runOnlyForDeploymentPostprocessing = 0;
		};
/* End PBXSourcesBuildPhase section */

/* Begin PBXTargetDependency section */
		3E6C053C2CCE75AB000EDB26 /* PBXTargetDependency */ = {
			isa = PBXTargetDependency;
			target = 3E6C05292CCE75A9000EDB26 /* IbanScanDemo */;
			targetProxy = 3E6C053B2CCE75AB000EDB26 /* PBXContainerItemProxy */;
		};
		3E6C05462CCE75AB000EDB26 /* PBXTargetDependency */ = {
			isa = PBXTargetDependency;
			target = 3E6C05292CCE75A9000EDB26 /* IbanScanDemo */;
			targetProxy = 3E6C05452CCE75AB000EDB26 /* PBXContainerItemProxy */;
		};
/* End PBXTargetDependency section */

/* Begin XCBuildConfiguration section */
		3E6C054C2CCE75AB000EDB26 /* Debug */ = {
			isa = XCBuildConfiguration;
			buildSettings = {
				ALWAYS_SEARCH_USER_PATHS = NO;
				ASSETCATALOG_COMPILER_GENERATE_SWIFT_ASSET_SYMBOL_EXTENSIONS = YES;
				CLANG_ANALYZER_NONNULL = YES;
				CLANG_ANALYZER_NUMBER_OBJECT_CONVERSION = YES_AGGRESSIVE;
				CLANG_CXX_LANGUAGE_STANDARD = "gnu++20";
				CLANG_ENABLE_MODULES = YES;
				CLANG_ENABLE_OBJC_ARC = YES;
				CLANG_ENABLE_OBJC_WEAK = YES;
				CLANG_WARN_BLOCK_CAPTURE_AUTORELEASING = YES;
				CLANG_WARN_BOOL_CONVERSION = YES;
				CLANG_WARN_COMMA = YES;
				CLANG_WARN_CONSTANT_CONVERSION = YES;
				CLANG_WARN_DEPRECATED_OBJC_IMPLEMENTATIONS = YES;
				CLANG_WARN_DIRECT_OBJC_ISA_USAGE = YES_ERROR;
				CLANG_WARN_DOCUMENTATION_COMMENTS = YES;
				CLANG_WARN_EMPTY_BODY = YES;
				CLANG_WARN_ENUM_CONVERSION = YES;
				CLANG_WARN_INFINITE_RECURSION = YES;
				CLANG_WARN_INT_CONVERSION = YES;
				CLANG_WARN_NON_LITERAL_NULL_CONVERSION = YES;
				CLANG_WARN_OBJC_IMPLICIT_RETAIN_SELF = YES;
				CLANG_WARN_OBJC_LITERAL_CONVERSION = YES;
				CLANG_WARN_OBJC_ROOT_CLASS = YES_ERROR;
				CLANG_WARN_QUOTED_INCLUDE_IN_FRAMEWORK_HEADER = YES;
				CLANG_WARN_RANGE_LOOP_ANALYSIS = YES;
				CLANG_WARN_STRICT_PROTOTYPES = YES;
				CLANG_WARN_SUSPICIOUS_MOVE = YES;
				CLANG_WARN_UNGUARDED_AVAILABILITY = YES_AGGRESSIVE;
				CLANG_WARN_UNREACHABLE_CODE = YES;
				CLANG_WARN__DUPLICATE_METHOD_MATCH = YES;
				COPY_PHASE_STRIP = NO;
				DEBUG_INFORMATION_FORMAT = dwarf;
				ENABLE_STRICT_OBJC_MSGSEND = YES;
				ENABLE_TESTABILITY = YES;
				ENABLE_USER_SCRIPT_SANDBOXING = YES;
				GCC_C_LANGUAGE_STANDARD = gnu17;
				GCC_DYNAMIC_NO_PIC = NO;
				GCC_NO_COMMON_BLOCKS = YES;
				GCC_OPTIMIZATION_LEVEL = 0;
				GCC_PREPROCESSOR_DEFINITIONS = (
					"DEBUG=1",
					"$(inherited)",
				);
				GCC_WARN_64_TO_32_BIT_CONVERSION = YES;
				GCC_WARN_ABOUT_RETURN_TYPE = YES_ERROR;
				GCC_WARN_UNDECLARED_SELECTOR = YES;
				GCC_WARN_UNINITIALIZED_AUTOS = YES_AGGRESSIVE;
				GCC_WARN_UNUSED_FUNCTION = YES;
				GCC_WARN_UNUSED_VARIABLE = YES;
				IPHONEOS_DEPLOYMENT_TARGET = 15.0;
				LOCALIZATION_PREFERS_STRING_CATALOGS = YES;
				MTL_ENABLE_DEBUG_INFO = INCLUDE_SOURCE;
				MTL_FAST_MATH = YES;
				ONLY_ACTIVE_ARCH = YES;
				SDKROOT = iphoneos;
				SWIFT_ACTIVE_COMPILATION_CONDITIONS = "DEBUG $(inherited)";
				SWIFT_OPTIMIZATION_LEVEL = "-Onone";
			};
			name = Debug;
		};
		3E6C054D2CCE75AB000EDB26 /* Release */ = {
			isa = XCBuildConfiguration;
			buildSettings = {
				ALWAYS_SEARCH_USER_PATHS = NO;
				ASSETCATALOG_COMPILER_GENERATE_SWIFT_ASSET_SYMBOL_EXTENSIONS = YES;
				CLANG_ANALYZER_NONNULL = YES;
				CLANG_ANALYZER_NUMBER_OBJECT_CONVERSION = YES_AGGRESSIVE;
				CLANG_CXX_LANGUAGE_STANDARD = "gnu++20";
				CLANG_ENABLE_MODULES = YES;
				CLANG_ENABLE_OBJC_ARC = YES;
				CLANG_ENABLE_OBJC_WEAK = YES;
				CLANG_WARN_BLOCK_CAPTURE_AUTORELEASING = YES;
				CLANG_WARN_BOOL_CONVERSION = YES;
				CLANG_WARN_COMMA = YES;
				CLANG_WARN_CONSTANT_CONVERSION = YES;
				CLANG_WARN_DEPRECATED_OBJC_IMPLEMENTATIONS = YES;
				CLANG_WARN_DIRECT_OBJC_ISA_USAGE = YES_ERROR;
				CLANG_WARN_DOCUMENTATION_COMMENTS = YES;
				CLANG_WARN_EMPTY_BODY = YES;
				CLANG_WARN_ENUM_CONVERSION = YES;
				CLANG_WARN_INFINITE_RECURSION = YES;
				CLANG_WARN_INT_CONVERSION = YES;
				CLANG_WARN_NON_LITERAL_NULL_CONVERSION = YES;
				CLANG_WARN_OBJC_IMPLICIT_RETAIN_SELF = YES;
				CLANG_WARN_OBJC_LITERAL_CONVERSION = YES;
				CLANG_WARN_OBJC_ROOT_CLASS = YES_ERROR;
				CLANG_WARN_QUOTED_INCLUDE_IN_FRAMEWORK_HEADER = YES;
				CLANG_WARN_RANGE_LOOP_ANALYSIS = YES;
				CLANG_WARN_STRICT_PROTOTYPES = YES;
				CLANG_WARN_SUSPICIOUS_MOVE = YES;
				CLANG_WARN_UNGUARDED_AVAILABILITY = YES_AGGRESSIVE;
				CLANG_WARN_UNREACHABLE_CODE = YES;
				CLANG_WARN__DUPLICATE_METHOD_MATCH = YES;
				COPY_PHASE_STRIP = NO;
				DEBUG_INFORMATION_FORMAT = "dwarf-with-dsym";
				ENABLE_NS_ASSERTIONS = NO;
				ENABLE_STRICT_OBJC_MSGSEND = YES;
				ENABLE_USER_SCRIPT_SANDBOXING = YES;
				GCC_C_LANGUAGE_STANDARD = gnu17;
				GCC_NO_COMMON_BLOCKS = YES;
				GCC_WARN_64_TO_32_BIT_CONVERSION = YES;
				GCC_WARN_ABOUT_RETURN_TYPE = YES_ERROR;
				GCC_WARN_UNDECLARED_SELECTOR = YES;
				GCC_WARN_UNINITIALIZED_AUTOS = YES_AGGRESSIVE;
				GCC_WARN_UNUSED_FUNCTION = YES;
				GCC_WARN_UNUSED_VARIABLE = YES;
				IPHONEOS_DEPLOYMENT_TARGET = 15.0;
				LOCALIZATION_PREFERS_STRING_CATALOGS = YES;
				MTL_ENABLE_DEBUG_INFO = NO;
				MTL_FAST_MATH = YES;
				SDKROOT = iphoneos;
				SWIFT_COMPILATION_MODE = wholemodule;
				VALIDATE_PRODUCT = YES;
			};
			name = Release;
		};
		3E6C054F2CCE75AB000EDB26 /* Debug */ = {
			isa = XCBuildConfiguration;
			buildSettings = {
				ASSETCATALOG_COMPILER_APPICON_NAME = AppIcon;
				ASSETCATALOG_COMPILER_GLOBAL_ACCENT_COLOR_NAME = AccentColor;
				CODE_SIGN_STYLE = Automatic;
				CURRENT_PROJECT_VERSION = 1;
				DEVELOPMENT_ASSET_PATHS = "\"IbanScanDemo/Preview Content\"";
				DEVELOPMENT_TEAM = Q8QU27L3SV;
				ENABLE_PREVIEWS = YES;
				GENERATE_INFOPLIST_FILE = YES;
				INFOPLIST_KEY_NSCameraUsageDescription = "L'application a besoin d'accéder à la caméra pour scanner votre IBAN.";
				INFOPLIST_KEY_UIApplicationSceneManifest_Generation = YES;
				INFOPLIST_KEY_UIApplicationSupportsIndirectInputEvents = YES;
				INFOPLIST_KEY_UILaunchScreen_Generation = YES;
				INFOPLIST_KEY_UISupportedInterfaceOrientations_iPad = "UIInterfaceOrientationPortrait UIInterfaceOrientationPortraitUpsideDown UIInterfaceOrientationLandscapeLeft UIInterfaceOrientationLandscapeRight";
				INFOPLIST_KEY_UISupportedInterfaceOrientations_iPhone = "UIInterfaceOrientationPortrait UIInterfaceOrientationLandscapeLeft UIInterfaceOrientationLandscapeRight";
				LD_RUNPATH_SEARCH_PATHS = (
					"$(inherited)",
					"@executable_path/Frameworks",
				);
				MARKETING_VERSION = 1.0;
				PRODUCT_BUNDLE_IDENTIFIER = com.aladdindev.IbanScanDemo;
				PRODUCT_NAME = "$(TARGET_NAME)";
				SWIFT_EMIT_LOC_STRINGS = YES;
				SWIFT_VERSION = 5.0;
				TARGETED_DEVICE_FAMILY = "1,2";
			};
			name = Debug;
		};
		3E6C05502CCE75AB000EDB26 /* Release */ = {
			isa = XCBuildConfiguration;
			buildSettings = {
				ASSETCATALOG_COMPILER_APPICON_NAME = AppIcon;
				ASSETCATALOG_COMPILER_GLOBAL_ACCENT_COLOR_NAME = AccentColor;
				CODE_SIGN_STYLE = Automatic;
				CURRENT_PROJECT_VERSION = 1;
				DEVELOPMENT_ASSET_PATHS = "\"IbanScanDemo/Preview Content\"";
				DEVELOPMENT_TEAM = Q8QU27L3SV;
				ENABLE_PREVIEWS = YES;
				GENERATE_INFOPLIST_FILE = YES;
				INFOPLIST_KEY_NSCameraUsageDescription = "L'application a besoin d'accéder à la caméra pour scanner votre IBAN.";
				INFOPLIST_KEY_UIApplicationSceneManifest_Generation = YES;
				INFOPLIST_KEY_UIApplicationSupportsIndirectInputEvents = YES;
				INFOPLIST_KEY_UILaunchScreen_Generation = YES;
				INFOPLIST_KEY_UISupportedInterfaceOrientations_iPad = "UIInterfaceOrientationPortrait UIInterfaceOrientationPortraitUpsideDown UIInterfaceOrientationLandscapeLeft UIInterfaceOrientationLandscapeRight";
				INFOPLIST_KEY_UISupportedInterfaceOrientations_iPhone = "UIInterfaceOrientationPortrait UIInterfaceOrientationLandscapeLeft UIInterfaceOrientationLandscapeRight";
				LD_RUNPATH_SEARCH_PATHS = (
					"$(inherited)",
					"@executable_path/Frameworks",
				);
				MARKETING_VERSION = 1.0;
				PRODUCT_BUNDLE_IDENTIFIER = com.aladdindev.IbanScanDemo;
				PRODUCT_NAME = "$(TARGET_NAME)";
				SWIFT_EMIT_LOC_STRINGS = YES;
				SWIFT_VERSION = 5.0;
				TARGETED_DEVICE_FAMILY = "1,2";
			};
			name = Release;
		};
		3E6C05522CCE75AB000EDB26 /* Debug */ = {
			isa = XCBuildConfiguration;
			buildSettings = {
				ALWAYS_EMBED_SWIFT_STANDARD_LIBRARIES = YES;
				BUNDLE_LOADER = "$(TEST_HOST)";
				CODE_SIGN_STYLE = Automatic;
				CURRENT_PROJECT_VERSION = 1;
				GENERATE_INFOPLIST_FILE = YES;
				IPHONEOS_DEPLOYMENT_TARGET = 15.0;
				MARKETING_VERSION = 1.0;
				PRODUCT_BUNDLE_IDENTIFIER = com.aladdindev.IbanScanDemoTests;
				PRODUCT_NAME = "$(TARGET_NAME)";
				SWIFT_EMIT_LOC_STRINGS = NO;
				SWIFT_VERSION = 5.0;
				TARGETED_DEVICE_FAMILY = "1,2";
				TEST_HOST = "$(BUILT_PRODUCTS_DIR)/IbanScanDemo.app/$(BUNDLE_EXECUTABLE_FOLDER_PATH)/IbanScanDemo";
			};
			name = Debug;
		};
		3E6C05532CCE75AB000EDB26 /* Release */ = {
			isa = XCBuildConfiguration;
			buildSettings = {
				ALWAYS_EMBED_SWIFT_STANDARD_LIBRARIES = YES;
				BUNDLE_LOADER = "$(TEST_HOST)";
				CODE_SIGN_STYLE = Automatic;
				CURRENT_PROJECT_VERSION = 1;
				GENERATE_INFOPLIST_FILE = YES;
				IPHONEOS_DEPLOYMENT_TARGET = 15.0;
				MARKETING_VERSION = 1.0;
				PRODUCT_BUNDLE_IDENTIFIER = com.aladdindev.IbanScanDemoTests;
				PRODUCT_NAME = "$(TARGET_NAME)";
				SWIFT_EMIT_LOC_STRINGS = NO;
				SWIFT_VERSION = 5.0;
				TARGETED_DEVICE_FAMILY = "1,2";
				TEST_HOST = "$(BUILT_PRODUCTS_DIR)/IbanScanDemo.app/$(BUNDLE_EXECUTABLE_FOLDER_PATH)/IbanScanDemo";
			};
			name = Release;
		};
		3E6C05552CCE75AB000EDB26 /* Debug */ = {
			isa = XCBuildConfiguration;
			buildSettings = {
				ALWAYS_EMBED_SWIFT_STANDARD_LIBRARIES = YES;
				CODE_SIGN_STYLE = Automatic;
				CURRENT_PROJECT_VERSION = 1;
				GENERATE_INFOPLIST_FILE = YES;
				MARKETING_VERSION = 1.0;
				PRODUCT_BUNDLE_IDENTIFIER = com.aladdindev.IbanScanDemoUITests;
				PRODUCT_NAME = "$(TARGET_NAME)";
				SWIFT_EMIT_LOC_STRINGS = NO;
				SWIFT_VERSION = 5.0;
				TARGETED_DEVICE_FAMILY = "1,2";
				TEST_TARGET_NAME = IbanScanDemo;
			};
			name = Debug;
		};
		3E6C05562CCE75AB000EDB26 /* Release */ = {
			isa = XCBuildConfiguration;
			buildSettings = {
				ALWAYS_EMBED_SWIFT_STANDARD_LIBRARIES = YES;
				CODE_SIGN_STYLE = Automatic;
				CURRENT_PROJECT_VERSION = 1;
				GENERATE_INFOPLIST_FILE = YES;
				MARKETING_VERSION = 1.0;
				PRODUCT_BUNDLE_IDENTIFIER = com.aladdindev.IbanScanDemoUITests;
				PRODUCT_NAME = "$(TARGET_NAME)";
				SWIFT_EMIT_LOC_STRINGS = NO;
				SWIFT_VERSION = 5.0;
				TARGETED_DEVICE_FAMILY = "1,2";
				TEST_TARGET_NAME = IbanScanDemo;
			};
			name = Release;
		};
/* End XCBuildConfiguration section */

/* Begin XCConfigurationList section */
		3E6C05252CCE75A9000EDB26 /* Build configuration list for PBXProject "IbanScanDemo" */ = {
			isa = XCConfigurationList;
			buildConfigurations = (
				3E6C054C2CCE75AB000EDB26 /* Debug */,
				3E6C054D2CCE75AB000EDB26 /* Release */,
			);
			defaultConfigurationIsVisible = 0;
			defaultConfigurationName = Release;
		};
		3E6C054E2CCE75AB000EDB26 /* Build configuration list for PBXNativeTarget "IbanScanDemo" */ = {
			isa = XCConfigurationList;
			buildConfigurations = (
				3E6C054F2CCE75AB000EDB26 /* Debug */,
				3E6C05502CCE75AB000EDB26 /* Release */,
			);
			defaultConfigurationIsVisible = 0;
			defaultConfigurationName = Release;
		};
		3E6C05512CCE75AB000EDB26 /* Build configuration list for PBXNativeTarget "IbanScanDemoTests" */ = {
			isa = XCConfigurationList;
			buildConfigurations = (
				3E6C05522CCE75AB000EDB26 /* Debug */,
				3E6C05532CCE75AB000EDB26 /* Release */,
			);
			defaultConfigurationIsVisible = 0;
			defaultConfigurationName = Release;
		};
		3E6C05542CCE75AB000EDB26 /* Build configuration list for PBXNativeTarget "IbanScanDemoUITests" */ = {
			isa = XCConfigurationList;
			buildConfigurations = (
				3E6C05552CCE75AB000EDB26 /* Debug */,
				3E6C05562CCE75AB000EDB26 /* Release */,
			);
			defaultConfigurationIsVisible = 0;
			defaultConfigurationName = Release;
		};
/* End XCConfigurationList section */
	};
	rootObject = 3E6C05222CCE75A9000EDB26 /* Project object */;
}
